
Microsoft Visual Studio Solution File, Format Version 12.00
# Visual Studio Version 16
VisualStudioVersion = 16.0.31624.102
MinimumVisualStudioVersion = 10.0.40219.1
Project("{FAE04EC0-301F-11D3-BF4B-00C04F79EFBC}") = "Project.AVIew", "Project.AVIew\Project.AVIew.csproj", "{D4F57A78-655F-4688-99D3-04D940D6BF99}"
EndProject
Project("{FAE04EC0-301F-11D3-BF4B-00C04F79EFBC}") = "Project.AVIew.OtherAPI", "Project.AVIew.OtherAPI\Project.AVIew.OtherAPI.csproj", "{0848AB33-AAC6-4ADD-9D92-B863D96BF1A2}"
EndProject
Global
	GlobalSection(SolutionConfigurationPlatforms) = preSolution
		Debug|Any CPU = Debug|Any CPU
		Release|Any CPU = Release|Any CPU
	EndGlobalSection
	GlobalSection(ProjectConfigurationPlatforms) = postSolution
		{D4F57A78-655F-4688-99D3-04D940D6BF99}.Debug|Any CPU.ActiveCfg = Debug|Any CPU
		{D4F57A78-655F-4688-99D3-04D940D6BF99}.Debug|Any CPU.Build.0 = Debug|Any CPU
		{D4F57A78-655F-4688-99D3-04D940D6BF99}.Release|Any CPU.ActiveCfg = Release|Any CPU
		{D4F57A78-655F-4688-99D3-04D940D6BF99}.Release|Any CPU.Build.0 = Release|Any CPU
		{0848AB33-AAC6-4ADD-9D92-B863D96BF1A2}.Debug|Any CPU.ActiveCfg = Debug|Any CPU
		{0848AB33-AAC6-4ADD-9D92-B863D96BF1A2}.Debug|Any CPU.Build.0 = Debug|Any CPU
		{0848AB33-AAC6-4ADD-9D92-B863D96BF1A2}.Release|Any CPU.ActiveCfg = Release|Any CPU
		{0848AB33-AAC6-4ADD-9D92-B863D96BF1A2}.Release|Any CPU.Build.0 = Release|Any CPU
	EndGlobalSection
	GlobalSection(SolutionProperties) = preSolution
		HideSolutionNode = FALSE
	EndGlobalSection
	GlobalSection(ExtensibilityGlobals) = postSolution
		SolutionGuid = {72CBF55D-6530-4C59-983C-DE4702B0C9A9}
	EndGlobalSection
EndGlobal
